
Microsoft Visual Studio Solution File, Format Version 12.00
# Visual Studio Version 16
VisualStudioVersion = 16.0.30711.63
MinimumVisualStudioVersion = 10.0.40219.1
Project("{FAE04EC0-301F-11D3-BF4B-00C04F79EFBC}") = "tic_tac_toe", "tic_tac_toe\tic_tac_toe.csproj", "{A1736886-8C42-45FE-A4AB-5A26F6B88A5E}"
EndProject
Global
	GlobalSection(SolutionConfigurationPlatforms) = preSolution
		Debug|Any CPU = Debug|Any CPU
		Release|Any CPU = Release|Any CPU
	EndGlobalSection
	GlobalSection(ProjectConfigurationPlatforms) = postSolution
		{A1736886-8C42-45FE-A4AB-5A26F6B88A5E}.Debug|Any CPU.ActiveCfg = Debug|Any CPU
		{A1736886-8C42-45FE-A4AB-5A26F6B88A5E}.Debug|Any CPU.Build.0 = Debug|Any CPU
		{A1736886-8C42-45FE-A4AB-5A26F6B88A5E}.Release|Any CPU.ActiveCfg = Release|Any CPU
		{A1736886-8C42-45FE-A4AB-5A26F6B88A5E}.Release|Any CPU.Build.0 = Release|Any CPU
	EndGlobalSection
	GlobalSection(SolutionProperties) = preSolution
		HideSolutionNode = FALSE
	EndGlobalSection
	GlobalSection(ExtensibilityGlobals) = postSolution
		SolutionGuid = {5EB54B0E-D5E8-4BAE-8BF1-A9B728032B11}
	EndGlobalSection
EndGlobal
